
Microsoft Visual Studio Solution File, Format Version 12.00
# Visual Studio Version 17
VisualStudioVersion = 17.5.002.0
MinimumVisualStudioVersion = 10.0.40219.1
Project("{9A19103F-16F7-4668-BE54-9A1E7A4F7556}") = "ejercicio50", "ejercicio50.csproj", "{6279F2E3-E1C9-483A-8210-DF707CEF0790}"
EndProject
Global
	GlobalSection(SolutionConfigurationPlatforms) = preSolution
		Debug|Any CPU = Debug|Any CPU
		Release|Any CPU = Release|Any CPU
	EndGlobalSection
	GlobalSection(ProjectConfigurationPlatforms) = postSolution
		{6279F2E3-E1C9-483A-8210-DF707CEF0790}.Debug|Any CPU.ActiveCfg = Debug|Any CPU
		{6279F2E3-E1C9-483A-8210-DF707CEF0790}.Debug|Any CPU.Build.0 = Debug|Any CPU
		{6279F2E3-E1C9-483A-8210-DF707CEF0790}.Release|Any CPU.ActiveCfg = Release|Any CPU
		{6279F2E3-E1C9-483A-8210-DF707CEF0790}.Release|Any CPU.Build.0 = Release|Any CPU
	EndGlobalSection
	GlobalSection(SolutionProperties) = preSolution
		HideSolutionNode = FALSE
	EndGlobalSection
	GlobalSection(ExtensibilityGlobals) = postSolution
		SolutionGuid = {56585A30-B88D-423B-8AEF-F8AACB2727DC}
	EndGlobalSection
EndGlobal
