
Microsoft Visual Studio Solution File, Format Version 12.00
# Visual Studio Version 17
VisualStudioVersion = 17.5.002.0
MinimumVisualStudioVersion = 10.0.40219.1
Project("{9A19103F-16F7-4668-BE54-9A1E7A4F7556}") = "ejercicio19", "ejercicio19.csproj", "{BD397677-56E5-49CF-983B-4A43CF241619}"
EndProject
Global
	GlobalSection(SolutionConfigurationPlatforms) = preSolution
		Debug|Any CPU = Debug|Any CPU
		Release|Any CPU = Release|Any CPU
	EndGlobalSection
	GlobalSection(ProjectConfigurationPlatforms) = postSolution
		{BD397677-56E5-49CF-983B-4A43CF241619}.Debug|Any CPU.ActiveCfg = Debug|Any CPU
		{BD397677-56E5-49CF-983B-4A43CF241619}.Debug|Any CPU.Build.0 = Debug|Any CPU
		{BD397677-56E5-49CF-983B-4A43CF241619}.Release|Any CPU.ActiveCfg = Release|Any CPU
		{BD397677-56E5-49CF-983B-4A43CF241619}.Release|Any CPU.Build.0 = Release|Any CPU
	EndGlobalSection
	GlobalSection(SolutionProperties) = preSolution
		HideSolutionNode = FALSE
	EndGlobalSection
	GlobalSection(ExtensibilityGlobals) = postSolution
		SolutionGuid = {A6CB1F2B-48A3-473E-BC6C-084B5A364AD4}
	EndGlobalSection
EndGlobal
