
Microsoft Visual Studio Solution File, Format Version 12.00
# Visual Studio Version 17
VisualStudioVersion = 17.5.002.0
MinimumVisualStudioVersion = 10.0.40219.1
Project("{9A19103F-16F7-4668-BE54-9A1E7A4F7556}") = "ejercicio33", "ejercicio33.csproj", "{9969431E-C3FB-489E-924A-EF2D7CE12047}"
EndProject
Global
	GlobalSection(SolutionConfigurationPlatforms) = preSolution
		Debug|Any CPU = Debug|Any CPU
		Release|Any CPU = Release|Any CPU
	EndGlobalSection
	GlobalSection(ProjectConfigurationPlatforms) = postSolution
		{9969431E-C3FB-489E-924A-EF2D7CE12047}.Debug|Any CPU.ActiveCfg = Debug|Any CPU
		{9969431E-C3FB-489E-924A-EF2D7CE12047}.Debug|Any CPU.Build.0 = Debug|Any CPU
		{9969431E-C3FB-489E-924A-EF2D7CE12047}.Release|Any CPU.ActiveCfg = Release|Any CPU
		{9969431E-C3FB-489E-924A-EF2D7CE12047}.Release|Any CPU.Build.0 = Release|Any CPU
	EndGlobalSection
	GlobalSection(SolutionProperties) = preSolution
		HideSolutionNode = FALSE
	EndGlobalSection
	GlobalSection(ExtensibilityGlobals) = postSolution
		SolutionGuid = {F5F6C251-BE65-4C50-96AE-FB4534DE1575}
	EndGlobalSection
EndGlobal
