
Microsoft Visual Studio Solution File, Format Version 12.00
# Visual Studio Version 17
VisualStudioVersion = 17.5.002.0
MinimumVisualStudioVersion = 10.0.40219.1
Project("{9A19103F-16F7-4668-BE54-9A1E7A4F7556}") = "ejercicio32", "ejercicio32.csproj", "{0FA045E9-20CC-4087-80D3-898C585BF468}"
EndProject
Global
	GlobalSection(SolutionConfigurationPlatforms) = preSolution
		Debug|Any CPU = Debug|Any CPU
		Release|Any CPU = Release|Any CPU
	EndGlobalSection
	GlobalSection(ProjectConfigurationPlatforms) = postSolution
		{0FA045E9-20CC-4087-80D3-898C585BF468}.Debug|Any CPU.ActiveCfg = Debug|Any CPU
		{0FA045E9-20CC-4087-80D3-898C585BF468}.Debug|Any CPU.Build.0 = Debug|Any CPU
		{0FA045E9-20CC-4087-80D3-898C585BF468}.Release|Any CPU.ActiveCfg = Release|Any CPU
		{0FA045E9-20CC-4087-80D3-898C585BF468}.Release|Any CPU.Build.0 = Release|Any CPU
	EndGlobalSection
	GlobalSection(SolutionProperties) = preSolution
		HideSolutionNode = FALSE
	EndGlobalSection
	GlobalSection(ExtensibilityGlobals) = postSolution
		SolutionGuid = {BD921CB6-DC7C-4135-BBA4-C61421E7FB51}
	EndGlobalSection
EndGlobal
