
Microsoft Visual Studio Solution File, Format Version 12.00
# Visual Studio Version 17
VisualStudioVersion = 17.5.002.0
MinimumVisualStudioVersion = 10.0.40219.1
Project("{9A19103F-16F7-4668-BE54-9A1E7A4F7556}") = "ejercicio43", "ejercicio43.csproj", "{4516185B-E654-4428-8FBE-83850FAF6566}"
EndProject
Global
	GlobalSection(SolutionConfigurationPlatforms) = preSolution
		Debug|Any CPU = Debug|Any CPU
		Release|Any CPU = Release|Any CPU
	EndGlobalSection
	GlobalSection(ProjectConfigurationPlatforms) = postSolution
		{4516185B-E654-4428-8FBE-83850FAF6566}.Debug|Any CPU.ActiveCfg = Debug|Any CPU
		{4516185B-E654-4428-8FBE-83850FAF6566}.Debug|Any CPU.Build.0 = Debug|Any CPU
		{4516185B-E654-4428-8FBE-83850FAF6566}.Release|Any CPU.ActiveCfg = Release|Any CPU
		{4516185B-E654-4428-8FBE-83850FAF6566}.Release|Any CPU.Build.0 = Release|Any CPU
	EndGlobalSection
	GlobalSection(SolutionProperties) = preSolution
		HideSolutionNode = FALSE
	EndGlobalSection
	GlobalSection(ExtensibilityGlobals) = postSolution
		SolutionGuid = {F34454CB-9422-4E86-B7D9-51E92B20BC70}
	EndGlobalSection
EndGlobal
