
Microsoft Visual Studio Solution File, Format Version 12.00
# Visual Studio Version 17
VisualStudioVersion = 17.5.002.0
MinimumVisualStudioVersion = 10.0.40219.1
Project("{9A19103F-16F7-4668-BE54-9A1E7A4F7556}") = "ejercicio22", "ejercicio22.csproj", "{0CE07127-24AF-4D6C-8E2D-0A114B54FBAF}"
EndProject
Global
	GlobalSection(SolutionConfigurationPlatforms) = preSolution
		Debug|Any CPU = Debug|Any CPU
		Release|Any CPU = Release|Any CPU
	EndGlobalSection
	GlobalSection(ProjectConfigurationPlatforms) = postSolution
		{0CE07127-24AF-4D6C-8E2D-0A114B54FBAF}.Debug|Any CPU.ActiveCfg = Debug|Any CPU
		{0CE07127-24AF-4D6C-8E2D-0A114B54FBAF}.Debug|Any CPU.Build.0 = Debug|Any CPU
		{0CE07127-24AF-4D6C-8E2D-0A114B54FBAF}.Release|Any CPU.ActiveCfg = Release|Any CPU
		{0CE07127-24AF-4D6C-8E2D-0A114B54FBAF}.Release|Any CPU.Build.0 = Release|Any CPU
	EndGlobalSection
	GlobalSection(SolutionProperties) = preSolution
		HideSolutionNode = FALSE
	EndGlobalSection
	GlobalSection(ExtensibilityGlobals) = postSolution
		SolutionGuid = {31EEA483-725D-4E3F-9647-9836B0C506A8}
	EndGlobalSection
EndGlobal
