
Microsoft Visual Studio Solution File, Format Version 12.00
# Visual Studio Version 17
VisualStudioVersion = 17.5.002.0
MinimumVisualStudioVersion = 10.0.40219.1
Project("{9A19103F-16F7-4668-BE54-9A1E7A4F7556}") = "ejercicio27", "ejercicio27.csproj", "{D290635F-BA59-4C2D-8880-A9948D2C9260}"
EndProject
Global
	GlobalSection(SolutionConfigurationPlatforms) = preSolution
		Debug|Any CPU = Debug|Any CPU
		Release|Any CPU = Release|Any CPU
	EndGlobalSection
	GlobalSection(ProjectConfigurationPlatforms) = postSolution
		{D290635F-BA59-4C2D-8880-A9948D2C9260}.Debug|Any CPU.ActiveCfg = Debug|Any CPU
		{D290635F-BA59-4C2D-8880-A9948D2C9260}.Debug|Any CPU.Build.0 = Debug|Any CPU
		{D290635F-BA59-4C2D-8880-A9948D2C9260}.Release|Any CPU.ActiveCfg = Release|Any CPU
		{D290635F-BA59-4C2D-8880-A9948D2C9260}.Release|Any CPU.Build.0 = Release|Any CPU
	EndGlobalSection
	GlobalSection(SolutionProperties) = preSolution
		HideSolutionNode = FALSE
	EndGlobalSection
	GlobalSection(ExtensibilityGlobals) = postSolution
		SolutionGuid = {587D1C48-2DEF-4903-9AF1-6E17FF795E87}
	EndGlobalSection
EndGlobal
